
Microsoft Visual Studio Solution File, Format Version 12.00
# Visual Studio Version 17
VisualStudioVersion = 17.6.33829.357
MinimumVisualStudioVersion = 10.0.40219.1
Project("{FAE04EC0-301F-11D3-BF4B-00C04F79EFBC}") = "ImportacaoContratos", "ImportacaoContratos.csproj", "{DA632ACE-3CE2-4828-8F69-48452810BD82}"
EndProject
Global
	GlobalSection(SolutionConfigurationPlatforms) = preSolution
		Debug|Any CPU = Debug|Any CPU
		Release|Any CPU = Release|Any CPU
	EndGlobalSection
	GlobalSection(ProjectConfigurationPlatforms) = postSolution
		{DA632ACE-3CE2-4828-8F69-48452810BD82}.Debug|Any CPU.ActiveCfg = Debug|Any CPU
		{DA632ACE-3CE2-4828-8F69-48452810BD82}.Debug|Any CPU.Build.0 = Debug|Any CPU
		{DA632ACE-3CE2-4828-8F69-48452810BD82}.Release|Any CPU.ActiveCfg = Release|Any CPU
		{DA632ACE-3CE2-4828-8F69-48452810BD82}.Release|Any CPU.Build.0 = Release|Any CPU
	EndGlobalSection
	GlobalSection(SolutionProperties) = preSolution
		HideSolutionNode = FALSE
	EndGlobalSection
	GlobalSection(ExtensibilityGlobals) = postSolution
		SolutionGuid = {54D04296-6DEA-4F3D-96F3-D84C741EDB21}
	EndGlobalSection
EndGlobal
